
Microsoft Visual Studio Solution File, Format Version 12.00
# Visual Studio Version 17
VisualStudioVersion = 17.5.33424.131
MinimumVisualStudioVersion = 10.0.40219.1
Project("{FAE04EC0-301F-11D3-BF4B-00C04F79EFBC}") = "QQ73841_EnginYasinKARATAS", "QQ73841_EnginYasinKARATAS\QQ73841_EnginYasinKARATAS.csproj", "{16727C24-623E-493D-8737-E224DE5A4393}"
EndProject
Global
	GlobalSection(SolutionConfigurationPlatforms) = preSolution
		Debug|Any CPU = Debug|Any CPU
		Release|Any CPU = Release|Any CPU
	EndGlobalSection
	GlobalSection(ProjectConfigurationPlatforms) = postSolution
		{16727C24-623E-493D-8737-E224DE5A4393}.Debug|Any CPU.ActiveCfg = Debug|Any CPU
		{16727C24-623E-493D-8737-E224DE5A4393}.Debug|Any CPU.Build.0 = Debug|Any CPU
		{16727C24-623E-493D-8737-E224DE5A4393}.Release|Any CPU.ActiveCfg = Release|Any CPU
		{16727C24-623E-493D-8737-E224DE5A4393}.Release|Any CPU.Build.0 = Release|Any CPU
	EndGlobalSection
	GlobalSection(SolutionProperties) = preSolution
		HideSolutionNode = FALSE
	EndGlobalSection
	GlobalSection(ExtensibilityGlobals) = postSolution
		SolutionGuid = {54DE40E9-635C-47A2-A32F-20F036908327}
	EndGlobalSection
EndGlobal
